
Microsoft Visual Studio Solution File, Format Version 12.00
# Visual Studio Version 17
VisualStudioVersion = 17.6.33712.159
MinimumVisualStudioVersion = 10.0.40219.1
Project("{8BC9CEB8-8B4A-11D0-8D11-00A0C91BC942}") = "GalsPanicProj", "GalsPanicProj\GalsPanicProj.vcxproj", "{E253C66A-DEBF-4628-933D-561807A9913D}"
EndProject
Global
	GlobalSection(SolutionConfigurationPlatforms) = preSolution
		Debug|x64 = Debug|x64
		Debug|x86 = Debug|x86
		Release|x64 = Release|x64
		Release|x86 = Release|x86
	EndGlobalSection
	GlobalSection(ProjectConfigurationPlatforms) = postSolution
		{E253C66A-DEBF-4628-933D-561807A9913D}.Debug|x64.ActiveCfg = Debug|x64
		{E253C66A-DEBF-4628-933D-561807A9913D}.Debug|x64.Build.0 = Debug|x64
		{E253C66A-DEBF-4628-933D-561807A9913D}.Debug|x86.ActiveCfg = Debug|Win32
		{E253C66A-DEBF-4628-933D-561807A9913D}.Debug|x86.Build.0 = Debug|Win32
		{E253C66A-DEBF-4628-933D-561807A9913D}.Release|x64.ActiveCfg = Release|x64
		{E253C66A-DEBF-4628-933D-561807A9913D}.Release|x64.Build.0 = Release|x64
		{E253C66A-DEBF-4628-933D-561807A9913D}.Release|x86.ActiveCfg = Release|Win32
		{E253C66A-DEBF-4628-933D-561807A9913D}.Release|x86.Build.0 = Release|Win32
	EndGlobalSection
	GlobalSection(SolutionProperties) = preSolution
		HideSolutionNode = FALSE
	EndGlobalSection
	GlobalSection(ExtensibilityGlobals) = postSolution
		SolutionGuid = {D954CB93-1C03-41D4-9CFC-DB76E83B4D78}
	EndGlobalSection
EndGlobal
